
Microsoft Visual Studio Solution File, Format Version 12.00
# Visual Studio Version 17
VisualStudioVersion = 17.4.33122.133
MinimumVisualStudioVersion = 10.0.40219.1
Project("{2150E333-8FDC-42A3-9474-1A3956D46DE8}") = "src", "src", "{410A0840-0F66-4482-A122-BE7FAA7203AF}"
EndProject
Project("{9A19103F-16F7-4668-BE54-9A1E7A4F7556}") = "MedAdvisor.Commons", "src\MedAdvisor.Commons\MedAdvisor.Commons.csproj", "{70113F2D-70CE-4FD6-A5B5-0FDFE31BF7CC}"
EndProject
Project("{9A19103F-16F7-4668-BE54-9A1E7A4F7556}") = "MedAdvisor.Api", "src\MedAdvisor.Api\MedAdvisor.Api.csproj", "{CF2A0F18-70C8-4C4C-918A-5A3DDD3DE551}"
EndProject
Project("{9A19103F-16F7-4668-BE54-9A1E7A4F7556}") = "MedAdvisor.Business", "src\MedAdvisor.Business\MedAdvisor.Business.csproj", "{B0023BB2-3F01-43B9-BFBF-BC73A3E99011}"
EndProject
Project("{9A19103F-16F7-4668-BE54-9A1E7A4F7556}") = "MedAdvisor.DataAccess.MySql", "src\MedAdvisor.DataAccess.MySql\MedAdvisor.DataAccess.MySql.csproj", "{E98C4DF4-5D42-48B1-9163-55CD0642131B}"
EndProject
Project("{9A19103F-16F7-4668-BE54-9A1E7A4F7556}") = "MedAdvisor.Infrastructrure", "src\MedAdvisor.Infrastructrure\MedAdvisor.Infrastructrure.csproj", "{AB30D6B0-8D0A-4677-923F-E6D0EF25AD0B}"
EndProject
Project("{9A19103F-16F7-4668-BE54-9A1E7A4F7556}") = "MedAdvisor.Services.Okta", "src\MedAdvisor.Services.Okta\MedAdvisor.Services.Okta.csproj", "{FAFBF8A8-F084-4112-98AC-0FB577F9F46A}"
EndProject
Project("{9A19103F-16F7-4668-BE54-9A1E7A4F7556}") = "MedAdvisor.Models", "src\MedAdvisor.Models\MedAdvisor.Models.csproj", "{3E401039-7583-4C0B-B7B5-CB694E3A2832}"
EndProject
Project("{2150E333-8FDC-42A3-9474-1A3956D46DE8}") = "test", "test", "{A0342C0E-DFCF-4FEC-815D-89B5055AE821}"
EndProject
Project("{9A19103F-16F7-4668-BE54-9A1E7A4F7556}") = "MedAdvisor.Common.Test", "test\MedAdvisor.Common.Test\MedAdvisor.Common.Test.csproj", "{3D438E41-224F-43D8-A566-0FECF326EDDD}"
EndProject
Project("{9A19103F-16F7-4668-BE54-9A1E7A4F7556}") = "MedAdvisor.API.Test", "test\MedAdvisor.API.Test\MedAdvisor.API.Test.csproj", "{A10D2896-3A83-4530-BF62-38E33A5B4BEC}"
EndProject
Project("{2150E333-8FDC-42A3-9474-1A3956D46DE8}") = "Solution Items", "Solution Items", "{777C2BDB-33EF-4F06-A4FB-289CFB526348}"
	ProjectSection(SolutionItems) = preProject
		.editorconfig = .editorconfig
	EndProjectSection
EndProject
Global
	GlobalSection(SolutionConfigurationPlatforms) = preSolution
		Debug|Any CPU = Debug|Any CPU
		Release|Any CPU = Release|Any CPU
	EndGlobalSection
	GlobalSection(ProjectConfigurationPlatforms) = postSolution
		{70113F2D-70CE-4FD6-A5B5-0FDFE31BF7CC}.Debug|Any CPU.ActiveCfg = Debug|Any CPU
		{70113F2D-70CE-4FD6-A5B5-0FDFE31BF7CC}.Debug|Any CPU.Build.0 = Debug|Any CPU
		{70113F2D-70CE-4FD6-A5B5-0FDFE31BF7CC}.Release|Any CPU.ActiveCfg = Release|Any CPU
		{70113F2D-70CE-4FD6-A5B5-0FDFE31BF7CC}.Release|Any CPU.Build.0 = Release|Any CPU
		{CF2A0F18-70C8-4C4C-918A-5A3DDD3DE551}.Debug|Any CPU.ActiveCfg = Debug|Any CPU
		{CF2A0F18-70C8-4C4C-918A-5A3DDD3DE551}.Debug|Any CPU.Build.0 = Debug|Any CPU
		{CF2A0F18-70C8-4C4C-918A-5A3DDD3DE551}.Release|Any CPU.ActiveCfg = Release|Any CPU
		{CF2A0F18-70C8-4C4C-918A-5A3DDD3DE551}.Release|Any CPU.Build.0 = Release|Any CPU
		{B0023BB2-3F01-43B9-BFBF-BC73A3E99011}.Debug|Any CPU.ActiveCfg = Debug|Any CPU
		{B0023BB2-3F01-43B9-BFBF-BC73A3E99011}.Debug|Any CPU.Build.0 = Debug|Any CPU
		{B0023BB2-3F01-43B9-BFBF-BC73A3E99011}.Release|Any CPU.ActiveCfg = Release|Any CPU
		{B0023BB2-3F01-43B9-BFBF-BC73A3E99011}.Release|Any CPU.Build.0 = Release|Any CPU
		{E98C4DF4-5D42-48B1-9163-55CD0642131B}.Debug|Any CPU.ActiveCfg = Debug|Any CPU
		{E98C4DF4-5D42-48B1-9163-55CD0642131B}.Debug|Any CPU.Build.0 = Debug|Any CPU
		{E98C4DF4-5D42-48B1-9163-55CD0642131B}.Release|Any CPU.ActiveCfg = Release|Any CPU
		{E98C4DF4-5D42-48B1-9163-55CD0642131B}.Release|Any CPU.Build.0 = Release|Any CPU
		{AB30D6B0-8D0A-4677-923F-E6D0EF25AD0B}.Debug|Any CPU.ActiveCfg = Debug|Any CPU
		{AB30D6B0-8D0A-4677-923F-E6D0EF25AD0B}.Debug|Any CPU.Build.0 = Debug|Any CPU
		{AB30D6B0-8D0A-4677-923F-E6D0EF25AD0B}.Release|Any CPU.ActiveCfg = Release|Any CPU
		{AB30D6B0-8D0A-4677-923F-E6D0EF25AD0B}.Release|Any CPU.Build.0 = Release|Any CPU
		{FAFBF8A8-F084-4112-98AC-0FB577F9F46A}.Debug|Any CPU.ActiveCfg = Debug|Any CPU
		{FAFBF8A8-F084-4112-98AC-0FB577F9F46A}.Debug|Any CPU.Build.0 = Debug|Any CPU
		{FAFBF8A8-F084-4112-98AC-0FB577F9F46A}.Release|Any CPU.ActiveCfg = Release|Any CPU
		{FAFBF8A8-F084-4112-98AC-0FB577F9F46A}.Release|Any CPU.Build.0 = Release|Any CPU
		{3E401039-7583-4C0B-B7B5-CB694E3A2832}.Debug|Any CPU.ActiveCfg = Debug|Any CPU
		{3E401039-7583-4C0B-B7B5-CB694E3A2832}.Debug|Any CPU.Build.0 = Debug|Any CPU
		{3E401039-7583-4C0B-B7B5-CB694E3A2832}.Release|Any CPU.ActiveCfg = Release|Any CPU
		{3E401039-7583-4C0B-B7B5-CB694E3A2832}.Release|Any CPU.Build.0 = Release|Any CPU
		{3D438E41-224F-43D8-A566-0FECF326EDDD}.Debug|Any CPU.ActiveCfg = Debug|Any CPU
		{3D438E41-224F-43D8-A566-0FECF326EDDD}.Debug|Any CPU.Build.0 = Debug|Any CPU
		{3D438E41-224F-43D8-A566-0FECF326EDDD}.Release|Any CPU.ActiveCfg = Release|Any CPU
		{3D438E41-224F-43D8-A566-0FECF326EDDD}.Release|Any CPU.Build.0 = Release|Any CPU
		{A10D2896-3A83-4530-BF62-38E33A5B4BEC}.Debug|Any CPU.ActiveCfg = Debug|Any CPU
		{A10D2896-3A83-4530-BF62-38E33A5B4BEC}.Debug|Any CPU.Build.0 = Debug|Any CPU
		{A10D2896-3A83-4530-BF62-38E33A5B4BEC}.Release|Any CPU.ActiveCfg = Release|Any CPU
		{A10D2896-3A83-4530-BF62-38E33A5B4BEC}.Release|Any CPU.Build.0 = Release|Any CPU
	EndGlobalSection
	GlobalSection(SolutionProperties) = preSolution
		HideSolutionNode = FALSE
	EndGlobalSection
	GlobalSection(NestedProjects) = preSolution
		{70113F2D-70CE-4FD6-A5B5-0FDFE31BF7CC} = {410A0840-0F66-4482-A122-BE7FAA7203AF}
		{CF2A0F18-70C8-4C4C-918A-5A3DDD3DE551} = {410A0840-0F66-4482-A122-BE7FAA7203AF}
		{B0023BB2-3F01-43B9-BFBF-BC73A3E99011} = {410A0840-0F66-4482-A122-BE7FAA7203AF}
		{E98C4DF4-5D42-48B1-9163-55CD0642131B} = {410A0840-0F66-4482-A122-BE7FAA7203AF}
		{AB30D6B0-8D0A-4677-923F-E6D0EF25AD0B} = {410A0840-0F66-4482-A122-BE7FAA7203AF}
		{FAFBF8A8-F084-4112-98AC-0FB577F9F46A} = {410A0840-0F66-4482-A122-BE7FAA7203AF}
		{3E401039-7583-4C0B-B7B5-CB694E3A2832} = {410A0840-0F66-4482-A122-BE7FAA7203AF}
		{3D438E41-224F-43D8-A566-0FECF326EDDD} = {A0342C0E-DFCF-4FEC-815D-89B5055AE821}
		{A10D2896-3A83-4530-BF62-38E33A5B4BEC} = {A0342C0E-DFCF-4FEC-815D-89B5055AE821}
	EndGlobalSection
	GlobalSection(ExtensibilityGlobals) = postSolution
		SolutionGuid = {D5628E86-7E28-4953-B8E7-FD27EDB924E9}
	EndGlobalSection
EndGlobal
